
Microsoft Visual Studio Solution File, Format Version 12.00
# Visual Studio Version 16
VisualStudioVersion = 25.0.1703.8
MinimumVisualStudioVersion = 10.0.40219.1
Project("{FAE04EC0-301F-11D3-BF4B-00C04F79EFBC}") = "TripLog.Android", "TripLog.Android\TripLog.Android.csproj", "{815FAFFB-A4F1-4DCF-8590-01D7C8066F4D}"
EndProject
Project("{FAE04EC0-301F-11D3-BF4B-00C04F79EFBC}") = "TripLog.iOS", "TripLog.iOS\TripLog.iOS.csproj", "{361EC87C-11FB-42C2-BA11-A4AB8C60BB56}"
EndProject
Project("{FAE04EC0-301F-11D3-BF4B-00C04F79EFBC}") = "TripLog", "TripLog\TripLog.csproj", "{4E01B6D6-A6DD-4117-8A0E-E147ECD93A75}"
EndProject
Global
	GlobalSection(SolutionConfigurationPlatforms) = preSolution
		Debug|Any CPU = Debug|Any CPU
		Release|Any CPU = Release|Any CPU
		Debug|iPhoneSimulator = Debug|iPhoneSimulator
		Release|iPhoneSimulator = Release|iPhoneSimulator
		Debug|iPhone = Debug|iPhone
		Release|iPhone = Release|iPhone
	EndGlobalSection
	GlobalSection(ProjectConfigurationPlatforms) = postSolution
		{815FAFFB-A4F1-4DCF-8590-01D7C8066F4D}.Debug|Any CPU.ActiveCfg = Debug|Any CPU
		{815FAFFB-A4F1-4DCF-8590-01D7C8066F4D}.Debug|Any CPU.Build.0 = Debug|Any CPU
		{815FAFFB-A4F1-4DCF-8590-01D7C8066F4D}.Release|Any CPU.ActiveCfg = Release|Any CPU
		{815FAFFB-A4F1-4DCF-8590-01D7C8066F4D}.Release|Any CPU.Build.0 = Release|Any CPU
		{815FAFFB-A4F1-4DCF-8590-01D7C8066F4D}.Debug|iPhoneSimulator.ActiveCfg = Debug|Any CPU
		{815FAFFB-A4F1-4DCF-8590-01D7C8066F4D}.Debug|iPhoneSimulator.Build.0 = Debug|Any CPU
		{815FAFFB-A4F1-4DCF-8590-01D7C8066F4D}.Release|iPhoneSimulator.ActiveCfg = Release|Any CPU
		{815FAFFB-A4F1-4DCF-8590-01D7C8066F4D}.Release|iPhoneSimulator.Build.0 = Release|Any CPU
		{815FAFFB-A4F1-4DCF-8590-01D7C8066F4D}.Debug|iPhone.ActiveCfg = Debug|Any CPU
		{815FAFFB-A4F1-4DCF-8590-01D7C8066F4D}.Debug|iPhone.Build.0 = Debug|Any CPU
		{815FAFFB-A4F1-4DCF-8590-01D7C8066F4D}.Release|iPhone.ActiveCfg = Release|Any CPU
		{815FAFFB-A4F1-4DCF-8590-01D7C8066F4D}.Release|iPhone.Build.0 = Release|Any CPU
		{361EC87C-11FB-42C2-BA11-A4AB8C60BB56}.Debug|Any CPU.ActiveCfg = Debug|iPhoneSimulator
		{361EC87C-11FB-42C2-BA11-A4AB8C60BB56}.Debug|Any CPU.Build.0 = Debug|iPhoneSimulator
		{361EC87C-11FB-42C2-BA11-A4AB8C60BB56}.Release|Any CPU.ActiveCfg = Release|iPhoneSimulator
		{361EC87C-11FB-42C2-BA11-A4AB8C60BB56}.Release|Any CPU.Build.0 = Release|iPhoneSimulator
		{361EC87C-11FB-42C2-BA11-A4AB8C60BB56}.Debug|iPhoneSimulator.ActiveCfg = Debug|iPhoneSimulator
		{361EC87C-11FB-42C2-BA11-A4AB8C60BB56}.Debug|iPhoneSimulator.Build.0 = Debug|iPhoneSimulator
		{361EC87C-11FB-42C2-BA11-A4AB8C60BB56}.Release|iPhoneSimulator.ActiveCfg = Release|iPhoneSimulator
		{361EC87C-11FB-42C2-BA11-A4AB8C60BB56}.Release|iPhoneSimulator.Build.0 = Release|iPhoneSimulator
		{361EC87C-11FB-42C2-BA11-A4AB8C60BB56}.Debug|iPhone.ActiveCfg = Debug|iPhone
		{361EC87C-11FB-42C2-BA11-A4AB8C60BB56}.Debug|iPhone.Build.0 = Debug|iPhone
		{361EC87C-11FB-42C2-BA11-A4AB8C60BB56}.Release|iPhone.ActiveCfg = Release|iPhone
		{361EC87C-11FB-42C2-BA11-A4AB8C60BB56}.Release|iPhone.Build.0 = Release|iPhone
		{4E01B6D6-A6DD-4117-8A0E-E147ECD93A75}.Debug|Any CPU.ActiveCfg = Debug|Any CPU
		{4E01B6D6-A6DD-4117-8A0E-E147ECD93A75}.Debug|Any CPU.Build.0 = Debug|Any CPU
		{4E01B6D6-A6DD-4117-8A0E-E147ECD93A75}.Release|Any CPU.ActiveCfg = Release|Any CPU
		{4E01B6D6-A6DD-4117-8A0E-E147ECD93A75}.Release|Any CPU.Build.0 = Release|Any CPU
		{4E01B6D6-A6DD-4117-8A0E-E147ECD93A75}.Debug|iPhoneSimulator.ActiveCfg = Debug|Any CPU
		{4E01B6D6-A6DD-4117-8A0E-E147ECD93A75}.Debug|iPhoneSimulator.Build.0 = Debug|Any CPU
		{4E01B6D6-A6DD-4117-8A0E-E147ECD93A75}.Release|iPhoneSimulator.ActiveCfg = Release|Any CPU
		{4E01B6D6-A6DD-4117-8A0E-E147ECD93A75}.Release|iPhoneSimulator.Build.0 = Release|Any CPU
		{4E01B6D6-A6DD-4117-8A0E-E147ECD93A75}.Debug|iPhone.ActiveCfg = Debug|Any CPU
		{4E01B6D6-A6DD-4117-8A0E-E147ECD93A75}.Debug|iPhone.Build.0 = Debug|Any CPU
		{4E01B6D6-A6DD-4117-8A0E-E147ECD93A75}.Release|iPhone.ActiveCfg = Release|Any CPU
		{4E01B6D6-A6DD-4117-8A0E-E147ECD93A75}.Release|iPhone.Build.0 = Release|Any CPU
	EndGlobalSection
	GlobalSection(SolutionProperties) = preSolution
		HideSolutionNode = FALSE
	EndGlobalSection
	GlobalSection(ExtensibilityGlobals) = postSolution
		SolutionGuid = {860DAB63-E5EE-4966-9583-1D20112220C1}
	EndGlobalSection
EndGlobal
